
Microsoft Visual Studio Solution File, Format Version 12.00
# Visual Studio Version 16
VisualStudioVersion = 16.0.28803.202
MinimumVisualStudioVersion = 10.0.40219.1
Project("{FAE04EC0-301F-11D3-BF4B-00C04F79EFBC}") = "ArraysInForms", "ArraysInForms\ArraysInForms.csproj", "{00294AFD-2A37-44E9-9A1C-41D4A15436A1}"
EndProject
Global
	GlobalSection(SolutionConfigurationPlatforms) = preSolution
		Debug|Any CPU = Debug|Any CPU
		Release|Any CPU = Release|Any CPU
	EndGlobalSection
	GlobalSection(ProjectConfigurationPlatforms) = postSolution
		{00294AFD-2A37-44E9-9A1C-41D4A15436A1}.Debug|Any CPU.ActiveCfg = Debug|Any CPU
		{00294AFD-2A37-44E9-9A1C-41D4A15436A1}.Debug|Any CPU.Build.0 = Debug|Any CPU
		{00294AFD-2A37-44E9-9A1C-41D4A15436A1}.Release|Any CPU.ActiveCfg = Release|Any CPU
		{00294AFD-2A37-44E9-9A1C-41D4A15436A1}.Release|Any CPU.Build.0 = Release|Any CPU
	EndGlobalSection
	GlobalSection(SolutionProperties) = preSolution
		HideSolutionNode = FALSE
	EndGlobalSection
	GlobalSection(ExtensibilityGlobals) = postSolution
		SolutionGuid = {D604FDA3-F7ED-43D8-9D47-A75C14D44A53}
	EndGlobalSection
EndGlobal
